// !$*UTF8*$!
{
	archiveVersion = 1;
	classes = {
	};
	objectVersion = 55;
	objects = {

/* Begin PBXBuildFile section */
		45049495D333A1801C5BF7AF /* Pods_Banktest.framework in Frameworks */ = {isa = PBXBuildFile; fileRef = 61FC614DAF418EB2DB91C840 /* Pods_Banktest.framework */; };
		4F11767727BAE3CA000C8C12 /* APIStruct.swift in Sources */ = {isa = PBXBuildFile; fileRef = 4F11767627BAE3CA000C8C12 /* APIStruct.swift */; };
		4F11767A27BAE540000C8C12 /* characterCell.swift in Sources */ = {isa = PBXBuildFile; fileRef = 4F11767927BAE540000C8C12 /* characterCell.swift */; };
		4F11767F27BAE625000C8C12 /* characterCell.xib in Resources */ = {isa = PBXBuildFile; fileRef = 4F11767E27BAE625000C8C12 /* characterCell.xib */; };
		4F2D652C27A9BCE500D24BBD /* AppDelegate.swift in Sources */ = {isa = PBXBuildFile; fileRef = 4F2D652B27A9BCE500D24BBD /* AppDelegate.swift */; };
		4F2D652E27A9BCE500D24BBD /* SceneDelegate.swift in Sources */ = {isa = PBXBuildFile; fileRef = 4F2D652D27A9BCE500D24BBD /* SceneDelegate.swift */; };
		4F2D653027A9BCE500D24BBD /* ViewController.swift in Sources */ = {isa = PBXBuildFile; fileRef = 4F2D652F27A9BCE500D24BBD /* ViewController.swift */; };
		4F2D653327A9BCE500D24BBD /* Main.storyboard in Resources */ = {isa = PBXBuildFile; fileRef = 4F2D653127A9BCE500D24BBD /* Main.storyboard */; };
		4F2D653527A9BCE700D24BBD /* Assets.xcassets in Resources */ = {isa = PBXBuildFile; fileRef = 4F2D653427A9BCE700D24BBD /* Assets.xcassets */; };
		4F2D653827A9BCE700D24BBD /* LaunchScreen.storyboard in Resources */ = {isa = PBXBuildFile; fileRef = 4F2D653627A9BCE700D24BBD /* LaunchScreen.storyboard */; };
		4FDB5DDD27AE9E240030CB04 /* String+md5.swift in Sources */ = {isa = PBXBuildFile; fileRef = 4FDB5DDC27AE9E240030CB04 /* String+md5.swift */; };
/* End PBXBuildFile section */

/* Begin PBXFileReference section */
		19D5B135C6CD3ABCF0DBE102 /* Pods-Banktest.release.xcconfig */ = {isa = PBXFileReference; includeInIndex = 1; lastKnownFileType = text.xcconfig; name = "Pods-Banktest.release.xcconfig"; path = "Target Support Files/Pods-Banktest/Pods-Banktest.release.xcconfig"; sourceTree = "<group>"; };
		4F11767627BAE3CA000C8C12 /* APIStruct.swift */ = {isa = PBXFileReference; lastKnownFileType = sourcecode.swift; path = APIStruct.swift; sourceTree = "<group>"; };
		4F11767927BAE540000C8C12 /* characterCell.swift */ = {isa = PBXFileReference; lastKnownFileType = sourcecode.swift; path = characterCell.swift; sourceTree = "<group>"; };
		4F11767E27BAE625000C8C12 /* characterCell.xib */ = {isa = PBXFileReference; lastKnownFileType = file.xib; path = characterCell.xib; sourceTree = "<group>"; };
		4F2D652827A9BCE500D24BBD /* Banktest.app */ = {isa = PBXFileReference; explicitFileType = wrapper.application; includeInIndex = 0; path = Banktest.app; sourceTree = BUILT_PRODUCTS_DIR; };
		4F2D652B27A9BCE500D24BBD /* AppDelegate.swift */ = {isa = PBXFileReference; lastKnownFileType = sourcecode.swift; path = AppDelegate.swift; sourceTree = "<group>"; };
		4F2D652D27A9BCE500D24BBD /* SceneDelegate.swift */ = {isa = PBXFileReference; lastKnownFileType = sourcecode.swift; path = SceneDelegate.swift; sourceTree = "<group>"; };
		4F2D652F27A9BCE500D24BBD /* ViewController.swift */ = {isa = PBXFileReference; lastKnownFileType = sourcecode.swift; path = ViewController.swift; sourceTree = "<group>"; };
		4F2D653227A9BCE500D24BBD /* Base */ = {isa = PBXFileReference; lastKnownFileType = file.storyboard; name = Base; path = Base.lproj/Main.storyboard; sourceTree = "<group>"; };
		4F2D653427A9BCE700D24BBD /* Assets.xcassets */ = {isa = PBXFileReference; lastKnownFileType = folder.assetcatalog; path = Assets.xcassets; sourceTree = "<group>"; };
		4F2D653727A9BCE700D24BBD /* Base */ = {isa = PBXFileReference; lastKnownFileType = file.storyboard; name = Base; path = Base.lproj/LaunchScreen.storyboard; sourceTree = "<group>"; };
		4F2D653927A9BCE700D24BBD /* Info.plist */ = {isa = PBXFileReference; lastKnownFileType = text.plist.xml; path = Info.plist; sourceTree = "<group>"; };
		4FDB5DDC27AE9E240030CB04 /* String+md5.swift */ = {isa = PBXFileReference; lastKnownFileType = sourcecode.swift; path = "String+md5.swift"; sourceTree = "<group>"; };
		61FC614DAF418EB2DB91C840 /* Pods_Banktest.framework */ = {isa = PBXFileReference; explicitFileType = wrapper.framework; includeInIndex = 0; path = Pods_Banktest.framework; sourceTree = BUILT_PRODUCTS_DIR; };
		CA2DB37181E4FF561D25F50C /* Pods-Banktest.debug.xcconfig */ = {isa = PBXFileReference; includeInIndex = 1; lastKnownFileType = text.xcconfig; name = "Pods-Banktest.debug.xcconfig"; path = "Target Support Files/Pods-Banktest/Pods-Banktest.debug.xcconfig"; sourceTree = "<group>"; };
/* End PBXFileReference section */

/* Begin PBXFrameworksBuildPhase section */
		4F2D652527A9BCE500D24BBD /* Frameworks */ = {
			isa = PBXFrameworksBuildPhase;
			buildActionMask = 2147483647;
			files = (
				45049495D333A1801C5BF7AF /* Pods_Banktest.framework in Frameworks */,
			);
			runOnlyForDeploymentPostprocessing = 0;
		};
/* End PBXFrameworksBuildPhase section */

/* Begin PBXGroup section */
		4F11767827BAE3D5000C8C12 /* Models */ = {
			isa = PBXGroup;
			children = (
				4F11767627BAE3CA000C8C12 /* APIStruct.swift */,
				4FDB5DDC27AE9E240030CB04 /* String+md5.swift */,
			);
			path = Models;
			sourceTree = "<group>";
		};
		4F11767D27BAE572000C8C12 /* characterCell */ = {
			isa = PBXGroup;
			children = (
				4F11767927BAE540000C8C12 /* characterCell.swift */,
				4F11767E27BAE625000C8C12 /* characterCell.xib */,
			);
			path = characterCell;
			sourceTree = "<group>";
		};
		4F2D651F27A9BCE500D24BBD = {
			isa = PBXGroup;
			children = (
				4F2D652A27A9BCE500D24BBD /* Banktest */,
				4F2D652927A9BCE500D24BBD /* Products */,
				71DD7DA0115CF944A2D43EF1 /* Pods */,
				C7E05453AF287D5E4387ED9C /* Frameworks */,
			);
			sourceTree = "<group>";
		};
		4F2D652927A9BCE500D24BBD /* Products */ = {
			isa = PBXGroup;
			children = (
				4F2D652827A9BCE500D24BBD /* Banktest.app */,
			);
			name = Products;
			sourceTree = "<group>";
		};
		4F2D652A27A9BCE500D24BBD /* Banktest */ = {
			isa = PBXGroup;
			children = (
				4F2D652B27A9BCE500D24BBD /* AppDelegate.swift */,
				4F2D652D27A9BCE500D24BBD /* SceneDelegate.swift */,
				4F2D652F27A9BCE500D24BBD /* ViewController.swift */,
				4F11767D27BAE572000C8C12 /* characterCell */,
				4F11767827BAE3D5000C8C12 /* Models */,
				4F2D653127A9BCE500D24BBD /* Main.storyboard */,
				4F2D653427A9BCE700D24BBD /* Assets.xcassets */,
				4F2D653627A9BCE700D24BBD /* LaunchScreen.storyboard */,
				4F2D653927A9BCE700D24BBD /* Info.plist */,
			);
			path = Banktest;
			sourceTree = "<group>";
		};
		71DD7DA0115CF944A2D43EF1 /* Pods */ = {
			isa = PBXGroup;
			children = (
				CA2DB37181E4FF561D25F50C /* Pods-Banktest.debug.xcconfig */,
				19D5B135C6CD3ABCF0DBE102 /* Pods-Banktest.release.xcconfig */,
			);
			path = Pods;
			sourceTree = "<group>";
		};
		C7E05453AF287D5E4387ED9C /* Frameworks */ = {
			isa = PBXGroup;
			children = (
				61FC614DAF418EB2DB91C840 /* Pods_Banktest.framework */,
			);
			name = Frameworks;
			sourceTree = "<group>";
		};
/* End PBXGroup section */

/* Begin PBXNativeTarget section */
		4F2D652727A9BCE500D24BBD /* Banktest */ = {
			isa = PBXNativeTarget;
			buildConfigurationList = 4F2D653C27A9BCE700D24BBD /* Build configuration list for PBXNativeTarget "Banktest" */;
			buildPhases = (
				4782A5AABFD1435F4605872C /* [CP] Check Pods Manifest.lock */,
				4F2D652427A9BCE500D24BBD /* Sources */,
				4F2D652527A9BCE500D24BBD /* Frameworks */,
				4F2D652627A9BCE500D24BBD /* Resources */,
				59BA5C40238597489BAD023A /* [CP] Embed Pods Frameworks */,
			);
			buildRules = (
			);
			dependencies = (
			);
			name = Banktest;
			productName = Banktest;
			productReference = 4F2D652827A9BCE500D24BBD /* Banktest.app */;
			productType = "com.apple.product-type.application";
		};
/* End PBXNativeTarget section */

/* Begin PBXProject section */
		4F2D652027A9BCE500D24BBD /* Project object */ = {
			isa = PBXProject;
			attributes = {
				BuildIndependentTargetsInParallel = 1;
				LastSwiftUpdateCheck = 1310;
				LastUpgradeCheck = 1310;
				TargetAttributes = {
					4F2D652727A9BCE500D24BBD = {
						CreatedOnToolsVersion = 13.1;
					};
				};
			};
			buildConfigurationList = 4F2D652327A9BCE500D24BBD /* Build configuration list for PBXProject "Banktest" */;
			compatibilityVersion = "Xcode 13.0";
			developmentRegion = en;
			hasScannedForEncodings = 0;
			knownRegions = (
				en,
				Base,
			);
			mainGroup = 4F2D651F27A9BCE500D24BBD;
			productRefGroup = 4F2D652927A9BCE500D24BBD /* Products */;
			projectDirPath = "";
			projectRoot = "";
			targets = (
				4F2D652727A9BCE500D24BBD /* Banktest */,
			);
		};
/* End PBXProject section */

/* Begin PBXResourcesBuildPhase section */
		4F2D652627A9BCE500D24BBD /* Resources */ = {
			isa = PBXResourcesBuildPhase;
			buildActionMask = 2147483647;
			files = (
				4F2D653827A9BCE700D24BBD /* LaunchScreen.storyboard in Resources */,
				4F2D653527A9BCE700D24BBD /* Assets.xcassets in Resources */,
				4F2D653327A9BCE500D24BBD /* Main.storyboard in Resources */,
				4F11767F27BAE625000C8C12 /* characterCell.xib in Resources */,
			);
			runOnlyForDeploymentPostprocessing = 0;
		};
/* End PBXResourcesBuildPhase section */

/* Begin PBXShellScriptBuildPhase section */
		4782A5AABFD1435F4605872C /* [CP] Check Pods Manifest.lock */ = {
			isa = PBXShellScriptBuildPhase;
			buildActionMask = 2147483647;
			files = (
			);
			inputFileListPaths = (
			);
			inputPaths = (
				"${PODS_PODFILE_DIR_PATH}/Podfile.lock",
				"${PODS_ROOT}/Manifest.lock",
			);
			name = "[CP] Check Pods Manifest.lock";
			outputFileListPaths = (
			);
			outputPaths = (
				"$(DERIVED_FILE_DIR)/Pods-Banktest-checkManifestLockResult.txt",
			);
			runOnlyForDeploymentPostprocessing = 0;
			shellPath = /bin/sh;
			shellScript = "diff \"${PODS_PODFILE_DIR_PATH}/Podfile.lock\" \"${PODS_ROOT}/Manifest.lock\" > /dev/null\nif [ $? != 0 ] ; then\n    # print error to STDERR\n    echo \"error: The sandbox is not in sync with the Podfile.lock. Run 'pod install' or update your CocoaPods installation.\" >&2\n    exit 1\nfi\n# This output is used by Xcode 'outputs' to avoid re-running this script phase.\necho \"SUCCESS\" > \"${SCRIPT_OUTPUT_FILE_0}\"\n";
			showEnvVarsInLog = 0;
		};
		59BA5C40238597489BAD023A /* [CP] Embed Pods Frameworks */ = {
			isa = PBXShellScriptBuildPhase;
			buildActionMask = 2147483647;
			files = (
			);
			inputFileListPaths = (
				"${PODS_ROOT}/Target Support Files/Pods-Banktest/Pods-Banktest-frameworks-${CONFIGURATION}-input-files.xcfilelist",
			);
			name = "[CP] Embed Pods Frameworks";
			outputFileListPaths = (
				"${PODS_ROOT}/Target Support Files/Pods-Banktest/Pods-Banktest-frameworks-${CONFIGURATION}-output-files.xcfilelist",
			);
			runOnlyForDeploymentPostprocessing = 0;
			shellPath = /bin/sh;
			shellScript = "\"${PODS_ROOT}/Target Support Files/Pods-Banktest/Pods-Banktest-frameworks.sh\"\n";
			showEnvVarsInLog = 0;
		};
/* End PBXShellScriptBuildPhase section */

/* Begin PBXSourcesBuildPhase section */
		4F2D652427A9BCE500D24BBD /* Sources */ = {
			isa = PBXSourcesBuildPhase;
			buildActionMask = 2147483647;
			files = (
				4F11767727BAE3CA000C8C12 /* APIStruct.swift in Sources */,
				4F11767A27BAE540000C8C12 /* characterCell.swift in Sources */,
				4F2D653027A9BCE500D24BBD /* ViewController.swift in Sources */,
				4F2D652C27A9BCE500D24BBD /* AppDelegate.swift in Sources */,
				4F2D652E27A9BCE500D24BBD /* SceneDelegate.swift in Sources */,
				4FDB5DDD27AE9E240030CB04 /* String+md5.swift in Sources */,
			);
			runOnlyForDeploymentPostprocessing = 0;
		};
/* End PBXSourcesBuildPhase section */

/* Begin PBXVariantGroup section */
		4F2D653127A9BCE500D24BBD /* Main.storyboard */ = {
			isa = PBXVariantGroup;
			children = (
				4F2D653227A9BCE500D24BBD /* Base */,
			);
			name = Main.storyboard;
			sourceTree = "<group>";
		};
		4F2D653627A9BCE700D24BBD /* LaunchScreen.storyboard */ = {
			isa = PBXVariantGroup;
			children = (
				4F2D653727A9BCE700D24BBD /* Base */,
			);
			name = LaunchScreen.storyboard;
			sourceTree = "<group>";
		};
/* End PBXVariantGroup section */

/* Begin XCBuildConfiguration section */
		4F2D653A27A9BCE700D24BBD /* Debug */ = {
			isa = XCBuildConfiguration;
			buildSettings = {
				ALWAYS_SEARCH_USER_PATHS = NO;
				CLANG_ANALYZER_NONNULL = YES;
				CLANG_ANALYZER_NUMBER_OBJECT_CONVERSION = YES_AGGRESSIVE;
				CLANG_CXX_LANGUAGE_STANDARD = "gnu++17";
				CLANG_CXX_LIBRARY = "libc++";
				CLANG_ENABLE_MODULES = YES;
				CLANG_ENABLE_OBJC_ARC = YES;
				CLANG_ENABLE_OBJC_WEAK = YES;
				CLANG_WARN_BLOCK_CAPTURE_AUTORELEASING = YES;
				CLANG_WARN_BOOL_CONVERSION = YES;
				CLANG_WARN_COMMA = YES;
				CLANG_WARN_CONSTANT_CONVERSION = YES;
				CLANG_WARN_DEPRECATED_OBJC_IMPLEMENTATIONS = YES;
				CLANG_WARN_DIRECT_OBJC_ISA_USAGE = YES_ERROR;
				CLANG_WARN_DOCUMENTATION_COMMENTS = YES;
				CLANG_WARN_EMPTY_BODY = YES;
				CLANG_WARN_ENUM_CONVERSION = YES;
				CLANG_WARN_INFINITE_RECURSION = YES;
				CLANG_WARN_INT_CONVERSION = YES;
				CLANG_WARN_NON_LITERAL_NULL_CONVERSION = YES;
				CLANG_WARN_OBJC_IMPLICIT_RETAIN_SELF = YES;
				CLANG_WARN_OBJC_LITERAL_CONVERSION = YES;
				CLANG_WARN_OBJC_ROOT_CLASS = YES_ERROR;
				CLANG_WARN_QUOTED_INCLUDE_IN_FRAMEWORK_HEADER = YES;
				CLANG_WARN_RANGE_LOOP_ANALYSIS = YES;
				CLANG_WARN_STRICT_PROTOTYPES = YES;
				CLANG_WARN_SUSPICIOUS_MOVE = YES;
				CLANG_WARN_UNGUARDED_AVAILABILITY = YES_AGGRESSIVE;
				CLANG_WARN_UNREACHABLE_CODE = YES;
				CLANG_WARN__DUPLICATE_METHOD_MATCH = YES;
				COPY_PHASE_STRIP = NO;
				DEBUG_INFORMATION_FORMAT = dwarf;
				ENABLE_STRICT_OBJC_MSGSEND = YES;
				ENABLE_TESTABILITY = YES;
				GCC_C_LANGUAGE_STANDARD = gnu11;
				GCC_DYNAMIC_NO_PIC = NO;
				GCC_NO_COMMON_BLOCKS = YES;
				GCC_OPTIMIZATION_LEVEL = 0;
				GCC_PREPROCESSOR_DEFINITIONS = (
					"DEBUG=1",
					"$(inherited)",
				);
				GCC_WARN_64_TO_32_BIT_CONVERSION = YES;
				GCC_WARN_ABOUT_RETURN_TYPE = YES_ERROR;
				GCC_WARN_UNDECLARED_SELECTOR = YES;
				GCC_WARN_UNINITIALIZED_AUTOS = YES_AGGRESSIVE;
				GCC_WARN_UNUSED_FUNCTION = YES;
				GCC_WARN_UNUSED_VARIABLE = YES;
				IPHONEOS_DEPLOYMENT_TARGET = 15.0;
				MTL_ENABLE_DEBUG_INFO = INCLUDE_SOURCE;
				MTL_FAST_MATH = YES;
				ONLY_ACTIVE_ARCH = YES;
				SDKROOT = iphoneos;
				SWIFT_ACTIVE_COMPILATION_CONDITIONS = DEBUG;
				SWIFT_OPTIMIZATION_LEVEL = "-Onone";
			};
			name = Debug;
		};
		4F2D653B27A9BCE700D24BBD /* Release */ = {
			isa = XCBuildConfiguration;
			buildSettings = {
				ALWAYS_SEARCH_USER_PATHS = NO;
				CLANG_ANALYZER_NONNULL = YES;
				CLANG_ANALYZER_NUMBER_OBJECT_CONVERSION = YES_AGGRESSIVE;
				CLANG_CXX_LANGUAGE_STANDARD = "gnu++17";
				CLANG_CXX_LIBRARY = "libc++";
				CLANG_ENABLE_MODULES = YES;
				CLANG_ENABLE_OBJC_ARC = YES;
				CLANG_ENABLE_OBJC_WEAK = YES;
				CLANG_WARN_BLOCK_CAPTURE_AUTORELEASING = YES;
				CLANG_WARN_BOOL_CONVERSION = YES;
				CLANG_WARN_COMMA = YES;
				CLANG_WARN_CONSTANT_CONVERSION = YES;
				CLANG_WARN_DEPRECATED_OBJC_IMPLEMENTATIONS = YES;
				CLANG_WARN_DIRECT_OBJC_ISA_USAGE = YES_ERROR;
				CLANG_WARN_DOCUMENTATION_COMMENTS = YES;
				CLANG_WARN_EMPTY_BODY = YES;
				CLANG_WARN_ENUM_CONVERSION = YES;
				CLANG_WARN_INFINITE_RECURSION = YES;
				CLANG_WARN_INT_CONVERSION = YES;
				CLANG_WARN_NON_LITERAL_NULL_CONVERSION = YES;
				CLANG_WARN_OBJC_IMPLICIT_RETAIN_SELF = YES;
				CLANG_WARN_OBJC_LITERAL_CONVERSION = YES;
				CLANG_WARN_OBJC_ROOT_CLASS = YES_ERROR;
				CLANG_WARN_QUOTED_INCLUDE_IN_FRAMEWORK_HEADER = YES;
				CLANG_WARN_RANGE_LOOP_ANALYSIS = YES;
				CLANG_WARN_STRICT_PROTOTYPES = YES;
				CLANG_WARN_SUSPICIOUS_MOVE = YES;
				CLANG_WARN_UNGUARDED_AVAILABILITY = YES_AGGRESSIVE;
				CLANG_WARN_UNREACHABLE_CODE = YES;
				CLANG_WARN__DUPLICATE_METHOD_MATCH = YES;
				COPY_PHASE_STRIP = NO;
				DEBUG_INFORMATION_FORMAT = "dwarf-with-dsym";
				ENABLE_NS_ASSERTIONS = NO;
				ENABLE_STRICT_OBJC_MSGSEND = YES;
				GCC_C_LANGUAGE_STANDARD = gnu11;
				GCC_NO_COMMON_BLOCKS = YES;
				GCC_WARN_64_TO_32_BIT_CONVERSION = YES;
				GCC_WARN_ABOUT_RETURN_TYPE = YES_ERROR;
				GCC_WARN_UNDECLARED_SELECTOR = YES;
				GCC_WARN_UNINITIALIZED_AUTOS = YES_AGGRESSIVE;
				GCC_WARN_UNUSED_FUNCTION = YES;
				GCC_WARN_UNUSED_VARIABLE = YES;
				IPHONEOS_DEPLOYMENT_TARGET = 15.0;
				MTL_ENABLE_DEBUG_INFO = NO;
				MTL_FAST_MATH = YES;
				SDKROOT = iphoneos;
				SWIFT_COMPILATION_MODE = wholemodule;
				SWIFT_OPTIMIZATION_LEVEL = "-O";
				VALIDATE_PRODUCT = YES;
			};
			name = Release;
		};
		4F2D653D27A9BCE700D24BBD /* Debug */ = {
			isa = XCBuildConfiguration;
			baseConfigurationReference = CA2DB37181E4FF561D25F50C /* Pods-Banktest.debug.xcconfig */;
			buildSettings = {
				ASSETCATALOG_COMPILER_APPICON_NAME = AppIcon;
				ASSETCATALOG_COMPILER_GLOBAL_ACCENT_COLOR_NAME = AccentColor;
				CODE_SIGN_STYLE = Automatic;
				CURRENT_PROJECT_VERSION = 1;
				DEVELOPMENT_TEAM = 2Z7NVP3H6G;
				GENERATE_INFOPLIST_FILE = YES;
				INFOPLIST_FILE = Banktest/Info.plist;
				INFOPLIST_KEY_UIApplicationSupportsIndirectInputEvents = YES;
				INFOPLIST_KEY_UILaunchStoryboardName = LaunchScreen;
				INFOPLIST_KEY_UIMainStoryboardFile = Main;
				INFOPLIST_KEY_UISupportedInterfaceOrientations_iPad = "UIInterfaceOrientationPortrait UIInterfaceOrientationPortraitUpsideDown UIInterfaceOrientationLandscapeLeft UIInterfaceOrientationLandscapeRight";
				INFOPLIST_KEY_UISupportedInterfaceOrientations_iPhone = "UIInterfaceOrientationPortrait UIInterfaceOrientationLandscapeLeft UIInterfaceOrientationLandscapeRight";
				LD_RUNPATH_SEARCH_PATHS = (
					"$(inherited)",
					"@executable_path/Frameworks",
				);
				MARKETING_VERSION = 1.0;
				PRODUCT_BUNDLE_IDENTIFIER = com.bautistaMolina.Banktest;
				PRODUCT_NAME = "$(TARGET_NAME)";
				SWIFT_EMIT_LOC_STRINGS = YES;
				SWIFT_VERSION = 5.0;
				TARGETED_DEVICE_FAMILY = "1,2";
			};
			name = Debug;
		};
		4F2D653E27A9BCE700D24BBD /* Release */ = {
			isa = XCBuildConfiguration;
			baseConfigurationReference = 19D5B135C6CD3ABCF0DBE102 /* Pods-Banktest.release.xcconfig */;
			buildSettings = {
				ASSETCATALOG_COMPILER_APPICON_NAME = AppIcon;
				ASSETCATALOG_COMPILER_GLOBAL_ACCENT_COLOR_NAME = AccentColor;
				CODE_SIGN_STYLE = Automatic;
				CURRENT_PROJECT_VERSION = 1;
				DEVELOPMENT_TEAM = 2Z7NVP3H6G;
				GENERATE_INFOPLIST_FILE = YES;
				INFOPLIST_FILE = Banktest/Info.plist;
				INFOPLIST_KEY_UIApplicationSupportsIndirectInputEvents = YES;
				INFOPLIST_KEY_UILaunchStoryboardName = LaunchScreen;
				INFOPLIST_KEY_UIMainStoryboardFile = Main;
				INFOPLIST_KEY_UISupportedInterfaceOrientations_iPad = "UIInterfaceOrientationPortrait UIInterfaceOrientationPortraitUpsideDown UIInterfaceOrientationLandscapeLeft UIInterfaceOrientationLandscapeRight";
				INFOPLIST_KEY_UISupportedInterfaceOrientations_iPhone = "UIInterfaceOrientationPortrait UIInterfaceOrientationLandscapeLeft UIInterfaceOrientationLandscapeRight";
				LD_RUNPATH_SEARCH_PATHS = (
					"$(inherited)",
					"@executable_path/Frameworks",
				);
				MARKETING_VERSION = 1.0;
				PRODUCT_BUNDLE_IDENTIFIER = com.bautistaMolina.Banktest;
				PRODUCT_NAME = "$(TARGET_NAME)";
				SWIFT_EMIT_LOC_STRINGS = YES;
				SWIFT_VERSION = 5.0;
				TARGETED_DEVICE_FAMILY = "1,2";
			};
			name = Release;
		};
/* End XCBuildConfiguration section */

/* Begin XCConfigurationList section */
		4F2D652327A9BCE500D24BBD /* Build configuration list for PBXProject "Banktest" */ = {
			isa = XCConfigurationList;
			buildConfigurations = (
				4F2D653A27A9BCE700D24BBD /* Debug */,
				4F2D653B27A9BCE700D24BBD /* Release */,
			);
			defaultConfigurationIsVisible = 0;
			defaultConfigurationName = Release;
		};
		4F2D653C27A9BCE700D24BBD /* Build configuration list for PBXNativeTarget "Banktest" */ = {
			isa = XCConfigurationList;
			buildConfigurations = (
				4F2D653D27A9BCE700D24BBD /* Debug */,
				4F2D653E27A9BCE700D24BBD /* Release */,
			);
			defaultConfigurationIsVisible = 0;
			defaultConfigurationName = Release;
		};
/* End XCConfigurationList section */
	};
	rootObject = 4F2D652027A9BCE500D24BBD /* Project object */;
}
